
Microsoft Visual Studio Solution File, Format Version 12.00
# Visual Studio Version 16
VisualStudioVersion = 16.0.32413.511
MinimumVisualStudioVersion = 10.0.40219.1
Project("{FAE04EC0-301F-11D3-BF4B-00C04F79EFBC}") = "LoadTester", "LoadTester\LoadTester.csproj", "{473EAA05-0233-49BF-9F09-B3CC0EEDED23}"
EndProject
Global
	GlobalSection(SolutionConfigurationPlatforms) = preSolution
		Debug|Any CPU = Debug|Any CPU
		Release|Any CPU = Release|Any CPU
	EndGlobalSection
	GlobalSection(ProjectConfigurationPlatforms) = postSolution
		{473EAA05-0233-49BF-9F09-B3CC0EEDED23}.Debug|Any CPU.ActiveCfg = Debug|Any CPU
		{473EAA05-0233-49BF-9F09-B3CC0EEDED23}.Debug|Any CPU.Build.0 = Debug|Any CPU
		{473EAA05-0233-49BF-9F09-B3CC0EEDED23}.Release|Any CPU.ActiveCfg = Release|Any CPU
		{473EAA05-0233-49BF-9F09-B3CC0EEDED23}.Release|Any CPU.Build.0 = Release|Any CPU
	EndGlobalSection
	GlobalSection(SolutionProperties) = preSolution
		HideSolutionNode = FALSE
	EndGlobalSection
	GlobalSection(ExtensibilityGlobals) = postSolution
		SolutionGuid = {F9ED8C40-DF2F-417E-A87C-C4564A6A6577}
	EndGlobalSection
EndGlobal
